// !$*UTF8*$!
{
	archiveVersion = 1;
	classes = {
	};
	objectVersion = 50;
	objects = {

/* Begin PBXBuildFile section */
		3F15979A20E0B14500E99579 /* PeopleViewController.swift in Sources */ = {isa = PBXBuildFile; fileRef = 3F15979920E0B14500E99579 /* PeopleViewController.swift */; };
		3F15979C20E0B6E000E99579 /* ContactViewController.swift in Sources */ = {isa = PBXBuildFile; fileRef = 3F15979B20E0B6E000E99579 /* ContactViewController.swift */; };
		3F7C877020C77631000B9F4C /* AppDelegate.swift in Sources */ = {isa = PBXBuildFile; fileRef = 3F7C876F20C77631000B9F4C /* AppDelegate.swift */; };
		3F7C877720C77631000B9F4C /* Main.storyboard in Resources */ = {isa = PBXBuildFile; fileRef = 3F7C877520C77631000B9F4C /* Main.storyboard */; };
		3F7C877920C77634000B9F4C /* Assets.xcassets in Resources */ = {isa = PBXBuildFile; fileRef = 3F7C877820C77634000B9F4C /* Assets.xcassets */; };
		3F7C877C20C77634000B9F4C /* LaunchScreen.storyboard in Resources */ = {isa = PBXBuildFile; fileRef = 3F7C877A20C77634000B9F4C /* LaunchScreen.storyboard */; };
		3F7C878420C77732000B9F4C /* AginicDS_logo_500px.png in Resources */ = {isa = PBXBuildFile; fileRef = 3F7C878320C77731000B9F4C /* AginicDS_logo_500px.png */; };
		3F7C878620C78028000B9F4C /* AginicDS_logo_250px.png in Resources */ = {isa = PBXBuildFile; fileRef = 3F7C878520C78028000B9F4C /* AginicDS_logo_250px.png */; };
		3F7C878820C782E5000B9F4C /* AppIcon-180.png in Resources */ = {isa = PBXBuildFile; fileRef = 3F7C878720C782E5000B9F4C /* AppIcon-180.png */; };
		3F7C879420C80851000B9F4C /* NewsViewController.swift in Sources */ = {isa = PBXBuildFile; fileRef = 3F7C879320C80851000B9F4C /* NewsViewController.swift */; };
		3F7C87B420C8B0BC000B9F4C /* RetroViewController.swift in Sources */ = {isa = PBXBuildFile; fileRef = 3F7C87B320C8B0BC000B9F4C /* RetroViewController.swift */; };
		3F7C87B620C8C3E2000B9F4C /* retro1.jpeg in Resources */ = {isa = PBXBuildFile; fileRef = 3F7C87B520C8C3E1000B9F4C /* retro1.jpeg */; };
		3F7C87B820C8C471000B9F4C /* RetroDetailViewContoller.swift in Sources */ = {isa = PBXBuildFile; fileRef = 3F7C87B720C8C471000B9F4C /* RetroDetailViewContoller.swift */; };
		3F7C87BA20C8C9DE000B9F4C /* Icon-Toolkit.png in Resources */ = {isa = PBXBuildFile; fileRef = 3F7C87B920C8C9DE000B9F4C /* Icon-Toolkit.png */; };
		3F7C87BE20C8CAA5000B9F4C /* Icon-Toolkit2.png in Resources */ = {isa = PBXBuildFile; fileRef = 3F7C87BD20C8CAA5000B9F4C /* Icon-Toolkit2.png */; };
		3FA8FF5720E0BCC700C0C4CA /* PlanningViewController.swift in Sources */ = {isa = PBXBuildFile; fileRef = 3FA8FF5620E0BCC700C0C4CA /* PlanningViewController.swift */; };
		3FA8FF5920E0C03600C0C4CA /* PlanningSizeViewController.swift in Sources */ = {isa = PBXBuildFile; fileRef = 3FA8FF5820E0C03600C0C4CA /* PlanningSizeViewController.swift */; };
		3FA8FF5B20E10D7300C0C4CA /* AboutViewController.swift in Sources */ = {isa = PBXBuildFile; fileRef = 3FA8FF5A20E10D7300C0C4CA /* AboutViewController.swift */; };
		3FA8FF5D20E10F5900C0C4CA /* ServicesViewController.swift in Sources */ = {isa = PBXBuildFile; fileRef = 3FA8FF5C20E10F5900C0C4CA /* ServicesViewController.swift */; };
		3FCD791F20D68704006D01C5 /* AginicDS_Agile_ToolkitUITests.swift in Sources */ = {isa = PBXBuildFile; fileRef = 3FCD791E20D68704006D01C5 /* AginicDS_Agile_ToolkitUITests.swift */; };
/* End PBXBuildFile section */

/* Begin PBXContainerItemProxy section */
		3FCD792120D68704006D01C5 /* PBXContainerItemProxy */ = {
			isa = PBXContainerItemProxy;
			containerPortal = 3F7C876420C77631000B9F4C /* Project object */;
			proxyType = 1;
			remoteGlobalIDString = 3F7C876B20C77631000B9F4C;
			remoteInfo = "AginicDS Agile Toolkit";
		};
/* End PBXContainerItemProxy section */

/* Begin PBXFileReference section */
		3F15979920E0B14500E99579 /* PeopleViewController.swift */ = {isa = PBXFileReference; fileEncoding = 4; lastKnownFileType = sourcecode.swift; path = PeopleViewController.swift; sourceTree = "<group>"; };
		3F15979B20E0B6E000E99579 /* ContactViewController.swift */ = {isa = PBXFileReference; fileEncoding = 4; lastKnownFileType = sourcecode.swift; path = ContactViewController.swift; sourceTree = "<group>"; };
		3F7C876C20C77631000B9F4C /* AginicDS Agile Toolkit.app */ = {isa = PBXFileReference; explicitFileType = wrapper.application; includeInIndex = 0; path = "AginicDS Agile Toolkit.app"; sourceTree = BUILT_PRODUCTS_DIR; };
		3F7C876F20C77631000B9F4C /* AppDelegate.swift */ = {isa = PBXFileReference; lastKnownFileType = sourcecode.swift; path = AppDelegate.swift; sourceTree = "<group>"; };
		3F7C877620C77631000B9F4C /* Base */ = {isa = PBXFileReference; lastKnownFileType = file.storyboard; name = Base; path = Base.lproj/Main.storyboard; sourceTree = "<group>"; };
		3F7C877820C77634000B9F4C /* Assets.xcassets */ = {isa = PBXFileReference; lastKnownFileType = folder.assetcatalog; path = Assets.xcassets; sourceTree = "<group>"; };
		3F7C877B20C77634000B9F4C /* Base */ = {isa = PBXFileReference; lastKnownFileType = file.storyboard; name = Base; path = Base.lproj/LaunchScreen.storyboard; sourceTree = "<group>"; };
		3F7C877D20C77634000B9F4C /* Info.plist */ = {isa = PBXFileReference; lastKnownFileType = text.plist.xml; path = Info.plist; sourceTree = "<group>"; };
		3F7C878320C77731000B9F4C /* AginicDS_logo_500px.png */ = {isa = PBXFileReference; lastKnownFileType = image.png; path = AginicDS_logo_500px.png; sourceTree = "<group>"; };
		3F7C878520C78028000B9F4C /* AginicDS_logo_250px.png */ = {isa = PBXFileReference; lastKnownFileType = image.png; path = AginicDS_logo_250px.png; sourceTree = "<group>"; };
		3F7C878720C782E5000B9F4C /* AppIcon-180.png */ = {isa = PBXFileReference; lastKnownFileType = image.png; path = "AppIcon-180.png"; sourceTree = "<group>"; };
		3F7C879320C80851000B9F4C /* NewsViewController.swift */ = {isa = PBXFileReference; lastKnownFileType = sourcecode.swift; path = NewsViewController.swift; sourceTree = "<group>"; };
		3F7C87B320C8B0BC000B9F4C /* RetroViewController.swift */ = {isa = PBXFileReference; lastKnownFileType = sourcecode.swift; path = RetroViewController.swift; sourceTree = "<group>"; };
		3F7C87B520C8C3E1000B9F4C /* retro1.jpeg */ = {isa = PBXFileReference; lastKnownFileType = image.jpeg; path = retro1.jpeg; sourceTree = "<group>"; };
		3F7C87B720C8C471000B9F4C /* RetroDetailViewContoller.swift */ = {isa = PBXFileReference; lastKnownFileType = sourcecode.swift; path = RetroDetailViewContoller.swift; sourceTree = "<group>"; };
		3F7C87B920C8C9DE000B9F4C /* Icon-Toolkit.png */ = {isa = PBXFileReference; lastKnownFileType = image.png; path = "Icon-Toolkit.png"; sourceTree = "<group>"; };
		3F7C87BD20C8CAA5000B9F4C /* Icon-Toolkit2.png */ = {isa = PBXFileReference; lastKnownFileType = image.png; path = "Icon-Toolkit2.png"; sourceTree = "<group>"; };
		3FA8FF5620E0BCC700C0C4CA /* PlanningViewController.swift */ = {isa = PBXFileReference; fileEncoding = 4; lastKnownFileType = sourcecode.swift; path = PlanningViewController.swift; sourceTree = "<group>"; };
		3FA8FF5820E0C03600C0C4CA /* PlanningSizeViewController.swift */ = {isa = PBXFileReference; fileEncoding = 4; lastKnownFileType = sourcecode.swift; path = PlanningSizeViewController.swift; sourceTree = "<group>"; };
		3FA8FF5A20E10D7300C0C4CA /* AboutViewController.swift */ = {isa = PBXFileReference; fileEncoding = 4; lastKnownFileType = sourcecode.swift; path = AboutViewController.swift; sourceTree = "<group>"; };
		3FA8FF5C20E10F5900C0C4CA /* ServicesViewController.swift */ = {isa = PBXFileReference; fileEncoding = 4; lastKnownFileType = sourcecode.swift; path = ServicesViewController.swift; sourceTree = "<group>"; };
		3FCD791C20D68704006D01C5 /* AginicDS Agile ToolkitUITests.xctest */ = {isa = PBXFileReference; explicitFileType = wrapper.cfbundle; includeInIndex = 0; path = "AginicDS Agile ToolkitUITests.xctest"; sourceTree = BUILT_PRODUCTS_DIR; };
		3FCD791E20D68704006D01C5 /* AginicDS_Agile_ToolkitUITests.swift */ = {isa = PBXFileReference; lastKnownFileType = sourcecode.swift; path = AginicDS_Agile_ToolkitUITests.swift; sourceTree = "<group>"; };
		3FCD792020D68704006D01C5 /* Info.plist */ = {isa = PBXFileReference; lastKnownFileType = text.plist.xml; path = Info.plist; sourceTree = "<group>"; };
/* End PBXFileReference section */

/* Begin PBXFrameworksBuildPhase section */
		3F7C876920C77631000B9F4C /* Frameworks */ = {
			isa = PBXFrameworksBuildPhase;
			buildActionMask = 2147483647;
			files = (
			);
			runOnlyForDeploymentPostprocessing = 0;
		};
		3FCD791920D68704006D01C5 /* Frameworks */ = {
			isa = PBXFrameworksBuildPhase;
			buildActionMask = 2147483647;
			files = (
			);
			runOnlyForDeploymentPostprocessing = 0;
		};
/* End PBXFrameworksBuildPhase section */

/* Begin PBXGroup section */
		3F7C876320C77631000B9F4C = {
			isa = PBXGroup;
			children = (
				3F7C876E20C77631000B9F4C /* AginicDS Agile Toolkit */,
				3FCD791D20D68704006D01C5 /* AginicDS Agile ToolkitUITests */,
				3F7C876D20C77631000B9F4C /* Products */,
			);
			sourceTree = "<group>";
		};
		3F7C876D20C77631000B9F4C /* Products */ = {
			isa = PBXGroup;
			children = (
				3F7C876C20C77631000B9F4C /* AginicDS Agile Toolkit.app */,
				3FCD791C20D68704006D01C5 /* AginicDS Agile ToolkitUITests.xctest */,
			);
			name = Products;
			sourceTree = "<group>";
		};
		3F7C876E20C77631000B9F4C /* AginicDS Agile Toolkit */ = {
			isa = PBXGroup;
			children = (
				3FCD78AF20D67F69006D01C5 /* Images */,
				3F7C876F20C77631000B9F4C /* AppDelegate.swift */,
				3FA8FF5A20E10D7300C0C4CA /* AboutViewController.swift */,
				3FA8FF5620E0BCC700C0C4CA /* PlanningViewController.swift */,
				3FA8FF5820E0C03600C0C4CA /* PlanningSizeViewController.swift */,
				3F15979B20E0B6E000E99579 /* ContactViewController.swift */,
				3F7C877520C77631000B9F4C /* Main.storyboard */,
				3F7C877820C77634000B9F4C /* Assets.xcassets */,
				3F7C877A20C77634000B9F4C /* LaunchScreen.storyboard */,
				3F7C877D20C77634000B9F4C /* Info.plist */,
				3F7C879320C80851000B9F4C /* NewsViewController.swift */,
				3F15979920E0B14500E99579 /* PeopleViewController.swift */,
				3FA8FF5C20E10F5900C0C4CA /* ServicesViewController.swift */,
				3F7C87B320C8B0BC000B9F4C /* RetroViewController.swift */,
				3F7C87B720C8C471000B9F4C /* RetroDetailViewContoller.swift */,
			);
			path = "AginicDS Agile Toolkit";
			sourceTree = "<group>";
		};
		3FCD78AF20D67F69006D01C5 /* Images */ = {
			isa = PBXGroup;
			children = (
				3F7C878320C77731000B9F4C /* AginicDS_logo_500px.png */,
				3F7C878720C782E5000B9F4C /* AppIcon-180.png */,
				3F7C87B520C8C3E1000B9F4C /* retro1.jpeg */,
				3F7C87B920C8C9DE000B9F4C /* Icon-Toolkit.png */,
				3F7C87BD20C8CAA5000B9F4C /* Icon-Toolkit2.png */,
				3F7C878520C78028000B9F4C /* AginicDS_logo_250px.png */,
			);
			path = Images;
			sourceTree = "<group>";
		};
		3FCD791D20D68704006D01C5 /* AginicDS Agile ToolkitUITests */ = {
			isa = PBXGroup;
			children = (
				3FCD791E20D68704006D01C5 /* AginicDS_Agile_ToolkitUITests.swift */,
				3FCD792020D68704006D01C5 /* Info.plist */,
			);
			path = "AginicDS Agile ToolkitUITests";
			sourceTree = "<group>";
		};
/* End PBXGroup section */

/* Begin PBXNativeTarget section */
		3F7C876B20C77631000B9F4C /* AginicDS Agile Toolkit */ = {
			isa = PBXNativeTarget;
			buildConfigurationList = 3F7C878020C77634000B9F4C /* Build configuration list for PBXNativeTarget "AginicDS Agile Toolkit" */;
			buildPhases = (
				3F7C876820C77631000B9F4C /* Sources */,
				3F7C876920C77631000B9F4C /* Frameworks */,
				3F7C876A20C77631000B9F4C /* Resources */,
			);
			buildRules = (
			);
			dependencies = (
			);
			name = "AginicDS Agile Toolkit";
			productName = "AginicDS Planning Poker";
			productReference = 3F7C876C20C77631000B9F4C /* AginicDS Agile Toolkit.app */;
			productType = "com.apple.product-type.application";
		};
		3FCD791B20D68704006D01C5 /* AginicDS Agile ToolkitUITests */ = {
			isa = PBXNativeTarget;
			buildConfigurationList = 3FCD792320D68704006D01C5 /* Build configuration list for PBXNativeTarget "AginicDS Agile ToolkitUITests" */;
			buildPhases = (
				3FCD791820D68704006D01C5 /* Sources */,
				3FCD791920D68704006D01C5 /* Frameworks */,
				3FCD791A20D68704006D01C5 /* Resources */,
			);
			buildRules = (
			);
			dependencies = (
				3FCD792220D68704006D01C5 /* PBXTargetDependency */,
			);
			name = "AginicDS Agile ToolkitUITests";
			productName = "AginicDS Agile ToolkitUITests";
			productReference = 3FCD791C20D68704006D01C5 /* AginicDS Agile ToolkitUITests.xctest */;
			productType = "com.apple.product-type.bundle.ui-testing";
		};
/* End PBXNativeTarget section */

/* Begin PBXProject section */
		3F7C876420C77631000B9F4C /* Project object */ = {
			isa = PBXProject;
			attributes = {
				LastSwiftUpdateCheck = 0940;
				LastUpgradeCheck = 0940;
				ORGANIZATIONNAME = "Paul Thornton";
				TargetAttributes = {
					3F7C876B20C77631000B9F4C = {
						CreatedOnToolsVersion = 9.4;
					};
					3FCD791B20D68704006D01C5 = {
						CreatedOnToolsVersion = 9.4;
						TestTargetID = 3F7C876B20C77631000B9F4C;
					};
				};
			};
			buildConfigurationList = 3F7C876720C77631000B9F4C /* Build configuration list for PBXProject "AginicDS Agile Toolkit" */;
			compatibilityVersion = "Xcode 9.3";
			developmentRegion = en;
			hasScannedForEncodings = 0;
			knownRegions = (
				en,
				Base,
			);
			mainGroup = 3F7C876320C77631000B9F4C;
			productRefGroup = 3F7C876D20C77631000B9F4C /* Products */;
			projectDirPath = "";
			projectRoot = "";
			targets = (
				3F7C876B20C77631000B9F4C /* AginicDS Agile Toolkit */,
				3FCD791B20D68704006D01C5 /* AginicDS Agile ToolkitUITests */,
			);
		};
/* End PBXProject section */

/* Begin PBXResourcesBuildPhase section */
		3F7C876A20C77631000B9F4C /* Resources */ = {
			isa = PBXResourcesBuildPhase;
			buildActionMask = 2147483647;
			files = (
				3F7C87BE20C8CAA5000B9F4C /* Icon-Toolkit2.png in Resources */,
				3F7C878420C77732000B9F4C /* AginicDS_logo_500px.png in Resources */,
				3F7C877C20C77634000B9F4C /* LaunchScreen.storyboard in Resources */,
				3F7C87B620C8C3E2000B9F4C /* retro1.jpeg in Resources */,
				3F7C878820C782E5000B9F4C /* AppIcon-180.png in Resources */,
				3F7C877920C77634000B9F4C /* Assets.xcassets in Resources */,
				3F7C87BA20C8C9DE000B9F4C /* Icon-Toolkit.png in Resources */,
				3F7C878620C78028000B9F4C /* AginicDS_logo_250px.png in Resources */,
				3F7C877720C77631000B9F4C /* Main.storyboard in Resources */,
			);
			runOnlyForDeploymentPostprocessing = 0;
		};
		3FCD791A20D68704006D01C5 /* Resources */ = {
			isa = PBXResourcesBuildPhase;
			buildActionMask = 2147483647;
			files = (
			);
			runOnlyForDeploymentPostprocessing = 0;
		};
/* End PBXResourcesBuildPhase section */

/* Begin PBXSourcesBuildPhase section */
		3F7C876820C77631000B9F4C /* Sources */ = {
			isa = PBXSourcesBuildPhase;
			buildActionMask = 2147483647;
			files = (
				3F15979C20E0B6E000E99579 /* ContactViewController.swift in Sources */,
				3F15979A20E0B14500E99579 /* PeopleViewController.swift in Sources */,
				3F7C87B820C8C471000B9F4C /* RetroDetailViewContoller.swift in Sources */,
				3F7C877020C77631000B9F4C /* AppDelegate.swift in Sources */,
				3FA8FF5920E0C03600C0C4CA /* PlanningSizeViewController.swift in Sources */,
				3FA8FF5720E0BCC700C0C4CA /* PlanningViewController.swift in Sources */,
				3F7C87B420C8B0BC000B9F4C /* RetroViewController.swift in Sources */,
				3FA8FF5B20E10D7300C0C4CA /* AboutViewController.swift in Sources */,
				3FA8FF5D20E10F5900C0C4CA /* ServicesViewController.swift in Sources */,
				3F7C879420C80851000B9F4C /* NewsViewController.swift in Sources */,
			);
			runOnlyForDeploymentPostprocessing = 0;
		};
		3FCD791820D68704006D01C5 /* Sources */ = {
			isa = PBXSourcesBuildPhase;
			buildActionMask = 2147483647;
			files = (
				3FCD791F20D68704006D01C5 /* AginicDS_Agile_ToolkitUITests.swift in Sources */,
			);
			runOnlyForDeploymentPostprocessing = 0;
		};
/* End PBXSourcesBuildPhase section */

/* Begin PBXTargetDependency section */
		3FCD792220D68704006D01C5 /* PBXTargetDependency */ = {
			isa = PBXTargetDependency;
			target = 3F7C876B20C77631000B9F4C /* AginicDS Agile Toolkit */;
			targetProxy = 3FCD792120D68704006D01C5 /* PBXContainerItemProxy */;
		};
/* End PBXTargetDependency section */

/* Begin PBXVariantGroup section */
		3F7C877520C77631000B9F4C /* Main.storyboard */ = {
			isa = PBXVariantGroup;
			children = (
				3F7C877620C77631000B9F4C /* Base */,
			);
			name = Main.storyboard;
			sourceTree = "<group>";
		};
		3F7C877A20C77634000B9F4C /* LaunchScreen.storyboard */ = {
			isa = PBXVariantGroup;
			children = (
				3F7C877B20C77634000B9F4C /* Base */,
			);
			name = LaunchScreen.storyboard;
			sourceTree = "<group>";
		};
/* End PBXVariantGroup section */

/* Begin XCBuildConfiguration section */
		3F7C877E20C77634000B9F4C /* Debug */ = {
			isa = XCBuildConfiguration;
			buildSettings = {
				ALWAYS_SEARCH_USER_PATHS = NO;
				CLANG_ANALYZER_NONNULL = YES;
				CLANG_ANALYZER_NUMBER_OBJECT_CONVERSION = YES_AGGRESSIVE;
				CLANG_CXX_LANGUAGE_STANDARD = "gnu++14";
				CLANG_CXX_LIBRARY = "libc++";
				CLANG_ENABLE_MODULES = YES;
				CLANG_ENABLE_OBJC_ARC = YES;
				CLANG_ENABLE_OBJC_WEAK = YES;
				CLANG_WARN_BLOCK_CAPTURE_AUTORELEASING = YES;
				CLANG_WARN_BOOL_CONVERSION = YES;
				CLANG_WARN_COMMA = YES;
				CLANG_WARN_CONSTANT_CONVERSION = YES;
				CLANG_WARN_DEPRECATED_OBJC_IMPLEMENTATIONS = YES;
				CLANG_WARN_DIRECT_OBJC_ISA_USAGE = YES_ERROR;
				CLANG_WARN_DOCUMENTATION_COMMENTS = YES;
				CLANG_WARN_EMPTY_BODY = YES;
				CLANG_WARN_ENUM_CONVERSION = YES;
				CLANG_WARN_INFINITE_RECURSION = YES;
				CLANG_WARN_INT_CONVERSION = YES;
				CLANG_WARN_NON_LITERAL_NULL_CONVERSION = YES;
				CLANG_WARN_OBJC_IMPLICIT_RETAIN_SELF = YES;
				CLANG_WARN_OBJC_LITERAL_CONVERSION = YES;
				CLANG_WARN_OBJC_ROOT_CLASS = YES_ERROR;
				CLANG_WARN_RANGE_LOOP_ANALYSIS = YES;
				CLANG_WARN_STRICT_PROTOTYPES = YES;
				CLANG_WARN_SUSPICIOUS_MOVE = YES;
				CLANG_WARN_UNGUARDED_AVAILABILITY = YES_AGGRESSIVE;
				CLANG_WARN_UNREACHABLE_CODE = YES;
				CLANG_WARN__DUPLICATE_METHOD_MATCH = YES;
				CODE_SIGN_IDENTITY = "iPhone Developer";
				COPY_PHASE_STRIP = NO;
				DEBUG_INFORMATION_FORMAT = dwarf;
				ENABLE_STRICT_OBJC_MSGSEND = YES;
				ENABLE_TESTABILITY = YES;
				GCC_C_LANGUAGE_STANDARD = gnu11;
				GCC_DYNAMIC_NO_PIC = NO;
				GCC_NO_COMMON_BLOCKS = YES;
				GCC_OPTIMIZATION_LEVEL = 0;
				GCC_PREPROCESSOR_DEFINITIONS = (
					"DEBUG=1",
					"$(inherited)",
				);
				GCC_WARN_64_TO_32_BIT_CONVERSION = YES;
				GCC_WARN_ABOUT_RETURN_TYPE = YES_ERROR;
				GCC_WARN_UNDECLARED_SELECTOR = YES;
				GCC_WARN_UNINITIALIZED_AUTOS = YES_AGGRESSIVE;
				GCC_WARN_UNUSED_FUNCTION = YES;
				GCC_WARN_UNUSED_VARIABLE = YES;
				IPHONEOS_DEPLOYMENT_TARGET = 11.4;
				MTL_ENABLE_DEBUG_INFO = YES;
				ONLY_ACTIVE_ARCH = YES;
				SDKROOT = iphoneos;
				SWIFT_ACTIVE_COMPILATION_CONDITIONS = DEBUG;
				SWIFT_OPTIMIZATION_LEVEL = "-Onone";
			};
			name = Debug;
		};
		3F7C877F20C77634000B9F4C /* Release */ = {
			isa = XCBuildConfiguration;
			buildSettings = {
				ALWAYS_SEARCH_USER_PATHS = NO;
				CLANG_ANALYZER_NONNULL = YES;
				CLANG_ANALYZER_NUMBER_OBJECT_CONVERSION = YES_AGGRESSIVE;
				CLANG_CXX_LANGUAGE_STANDARD = "gnu++14";
				CLANG_CXX_LIBRARY = "libc++";
				CLANG_ENABLE_MODULES = YES;
				CLANG_ENABLE_OBJC_ARC = YES;
				CLANG_ENABLE_OBJC_WEAK = YES;
				CLANG_WARN_BLOCK_CAPTURE_AUTORELEASING = YES;
				CLANG_WARN_BOOL_CONVERSION = YES;
				CLANG_WARN_COMMA = YES;
				CLANG_WARN_CONSTANT_CONVERSION = YES;
				CLANG_WARN_DEPRECATED_OBJC_IMPLEMENTATIONS = YES;
				CLANG_WARN_DIRECT_OBJC_ISA_USAGE = YES_ERROR;
				CLANG_WARN_DOCUMENTATION_COMMENTS = YES;
				CLANG_WARN_EMPTY_BODY = YES;
				CLANG_WARN_ENUM_CONVERSION = YES;
				CLANG_WARN_INFINITE_RECURSION = YES;
				CLANG_WARN_INT_CONVERSION = YES;
				CLANG_WARN_NON_LITERAL_NULL_CONVERSION = YES;
				CLANG_WARN_OBJC_IMPLICIT_RETAIN_SELF = YES;
				CLANG_WARN_OBJC_LITERAL_CONVERSION = YES;
				CLANG_WARN_OBJC_ROOT_CLASS = YES_ERROR;
				CLANG_WARN_RANGE_LOOP_ANALYSIS = YES;
				CLANG_WARN_STRICT_PROTOTYPES = YES;
				CLANG_WARN_SUSPICIOUS_MOVE = YES;
				CLANG_WARN_UNGUARDED_AVAILABILITY = YES_AGGRESSIVE;
				CLANG_WARN_UNREACHABLE_CODE = YES;
				CLANG_WARN__DUPLICATE_METHOD_MATCH = YES;
				CODE_SIGN_IDENTITY = "iPhone Developer";
				COPY_PHASE_STRIP = NO;
				DEBUG_INFORMATION_FORMAT = "dwarf-with-dsym";
				ENABLE_NS_ASSERTIONS = NO;
				ENABLE_STRICT_OBJC_MSGSEND = YES;
				GCC_C_LANGUAGE_STANDARD = gnu11;
				GCC_NO_COMMON_BLOCKS = YES;
				GCC_WARN_64_TO_32_BIT_CONVERSION = YES;
				GCC_WARN_ABOUT_RETURN_TYPE = YES_ERROR;
				GCC_WARN_UNDECLARED_SELECTOR = YES;
				GCC_WARN_UNINITIALIZED_AUTOS = YES_AGGRESSIVE;
				GCC_WARN_UNUSED_FUNCTION = YES;
				GCC_WARN_UNUSED_VARIABLE = YES;
				IPHONEOS_DEPLOYMENT_TARGET = 11.4;
				MTL_ENABLE_DEBUG_INFO = NO;
				SDKROOT = iphoneos;
				SWIFT_COMPILATION_MODE = wholemodule;
				SWIFT_OPTIMIZATION_LEVEL = "-O";
				VALIDATE_PRODUCT = YES;
			};
			name = Release;
		};
		3F7C878120C77634000B9F4C /* Debug */ = {
			isa = XCBuildConfiguration;
			buildSettings = {
				ASSETCATALOG_COMPILER_APPICON_NAME = AppIcon;
				CODE_SIGN_STYLE = Automatic;
				DEVELOPMENT_TEAM = 43DMYF882L;
				INFOPLIST_FILE = "$(SRCROOT)/AginicDS Agile Toolkit/Info.plist";
				LD_RUNPATH_SEARCH_PATHS = (
					"$(inherited)",
					"@executable_path/Frameworks",
				);
				PRODUCT_BUNDLE_IDENTIFIER = "aginicds.AginicDS-AgileToolkit";
				PRODUCT_NAME = "$(TARGET_NAME)";
				SWIFT_VERSION = 4.0;
				TARGETED_DEVICE_FAMILY = "1,2";
			};
			name = Debug;
		};
		3F7C878220C77634000B9F4C /* Release */ = {
			isa = XCBuildConfiguration;
			buildSettings = {
				ASSETCATALOG_COMPILER_APPICON_NAME = AppIcon;
				CODE_SIGN_STYLE = Automatic;
				DEVELOPMENT_TEAM = 43DMYF882L;
				INFOPLIST_FILE = "$(SRCROOT)/AginicDS Agile Toolkit/Info.plist";
				LD_RUNPATH_SEARCH_PATHS = (
					"$(inherited)",
					"@executable_path/Frameworks",
				);
				PRODUCT_BUNDLE_IDENTIFIER = "aginicds.AginicDS-AgileToolkit";
				PRODUCT_NAME = "$(TARGET_NAME)";
				SWIFT_VERSION = 4.0;
				TARGETED_DEVICE_FAMILY = "1,2";
			};
			name = Release;
		};
		3FCD792420D68704006D01C5 /* Debug */ = {
			isa = XCBuildConfiguration;
			buildSettings = {
				CODE_SIGN_STYLE = Automatic;
				DEVELOPMENT_TEAM = TX2F62TKQ8;
				INFOPLIST_FILE = "AginicDS Agile ToolkitUITests/Info.plist";
				LD_RUNPATH_SEARCH_PATHS = (
					"$(inherited)",
					"@executable_path/Frameworks",
					"@loader_path/Frameworks",
				);
				PRODUCT_BUNDLE_IDENTIFIER = "proteusmx.AginicDS-Agile-ToolkitUITests";
				PRODUCT_NAME = "$(TARGET_NAME)";
				SWIFT_VERSION = 4.0;
				TARGETED_DEVICE_FAMILY = "1,2";
				TEST_TARGET_NAME = "AginicDS Agile Toolkit";
			};
			name = Debug;
		};
		3FCD792520D68704006D01C5 /* Release */ = {
			isa = XCBuildConfiguration;
			buildSettings = {
				CODE_SIGN_STYLE = Automatic;
				DEVELOPMENT_TEAM = TX2F62TKQ8;
				INFOPLIST_FILE = "AginicDS Agile ToolkitUITests/Info.plist";
				LD_RUNPATH_SEARCH_PATHS = (
					"$(inherited)",
					"@executable_path/Frameworks",
					"@loader_path/Frameworks",
				);
				PRODUCT_BUNDLE_IDENTIFIER = "proteusmx.AginicDS-Agile-ToolkitUITests";
				PRODUCT_NAME = "$(TARGET_NAME)";
				SWIFT_VERSION = 4.0;
				TARGETED_DEVICE_FAMILY = "1,2";
				TEST_TARGET_NAME = "AginicDS Agile Toolkit";
			};
			name = Release;
		};
/* End XCBuildConfiguration section */

/* Begin XCConfigurationList section */
		3F7C876720C77631000B9F4C /* Build configuration list for PBXProject "AginicDS Agile Toolkit" */ = {
			isa = XCConfigurationList;
			buildConfigurations = (
				3F7C877E20C77634000B9F4C /* Debug */,
				3F7C877F20C77634000B9F4C /* Release */,
			);
			defaultConfigurationIsVisible = 0;
			defaultConfigurationName = Release;
		};
		3F7C878020C77634000B9F4C /* Build configuration list for PBXNativeTarget "AginicDS Agile Toolkit" */ = {
			isa = XCConfigurationList;
			buildConfigurations = (
				3F7C878120C77634000B9F4C /* Debug */,
				3F7C878220C77634000B9F4C /* Release */,
			);
			defaultConfigurationIsVisible = 0;
			defaultConfigurationName = Release;
		};
		3FCD792320D68704006D01C5 /* Build configuration list for PBXNativeTarget "AginicDS Agile ToolkitUITests" */ = {
			isa = XCConfigurationList;
			buildConfigurations = (
				3FCD792420D68704006D01C5 /* Debug */,
				3FCD792520D68704006D01C5 /* Release */,
			);
			defaultConfigurationIsVisible = 0;
			defaultConfigurationName = Release;
		};
/* End XCConfigurationList section */
	};
	rootObject = 3F7C876420C77631000B9F4C /* Project object */;
}
