// !$*UTF8*$!
{
	archiveVersion = 1;
	classes = {
	};
	objectVersion = 50;
	objects = {

/* Begin PBXBuildFile section */
		3F0E2CA420E1C65400E7B5BD /* TimerViewController.swift in Sources */ = {isa = PBXBuildFile; fileRef = 3F0E2CA320E1C65400E7B5BD /* TimerViewController.swift */; };
		3F0E2CA620E1DA6800E7B5BD /* AginicViewController.swift in Sources */ = {isa = PBXBuildFile; fileRef = 3F0E2CA520E1DA6700E7B5BD /* AginicViewController.swift */; };
		3F15979A20E0B14500E99579 /* PeopleViewController.swift in Sources */ = {isa = PBXBuildFile; fileRef = 3F15979920E0B14500E99579 /* PeopleViewController.swift */; };
		3F15979C20E0B6E000E99579 /* ContactViewController.swift in Sources */ = {isa = PBXBuildFile; fileRef = 3F15979B20E0B6E000E99579 /* ContactViewController.swift */; };
		3F6C894220E4D57300B54E70 /* AginicDS_Agile_ToolkitUITests1.swift in Sources */ = {isa = PBXBuildFile; fileRef = 3F6C894120E4D57300B54E70 /* AginicDS_Agile_ToolkitUITests1.swift */; };
		3F7994E422D9893F0086FFBB /* chainsaw.wav in Resources */ = {isa = PBXBuildFile; fileRef = 3F7994E122D9893F0086FFBB /* chainsaw.wav */; };
		3F7994E522D9893F0086FFBB /* jump.wav in Resources */ = {isa = PBXBuildFile; fileRef = 3F7994E222D9893F0086FFBB /* jump.wav */; };
		3F7994E622D9893F0086FFBB /* background.mp3 in Resources */ = {isa = PBXBuildFile; fileRef = 3F7994E322D9893F0086FFBB /* background.mp3 */; };
		3F7994EB22D989B10086FFBB /* VectorOperations.swift in Sources */ = {isa = PBXBuildFile; fileRef = 3F7994E922D989B10086FFBB /* VectorOperations.swift */; };
		3F7994ED22D990FC0086FFBB /* SplashViewController.swift in Sources */ = {isa = PBXBuildFile; fileRef = 3F7994EC22D990FC0086FFBB /* SplashViewController.swift */; };
		3F7C877020C77631000B9F4C /* AppDelegate.swift in Sources */ = {isa = PBXBuildFile; fileRef = 3F7C876F20C77631000B9F4C /* AppDelegate.swift */; };
		3F7C877720C77631000B9F4C /* Main.storyboard in Resources */ = {isa = PBXBuildFile; fileRef = 3F7C877520C77631000B9F4C /* Main.storyboard */; };
		3F7C877920C77634000B9F4C /* Assets.xcassets in Resources */ = {isa = PBXBuildFile; fileRef = 3F7C877820C77634000B9F4C /* Assets.xcassets */; };
		3F7C877C20C77634000B9F4C /* LaunchScreen.storyboard in Resources */ = {isa = PBXBuildFile; fileRef = 3F7C877A20C77634000B9F4C /* LaunchScreen.storyboard */; };
		3F7C878820C782E5000B9F4C /* AppIcon-180.png in Resources */ = {isa = PBXBuildFile; fileRef = 3F7C878720C782E5000B9F4C /* AppIcon-180.png */; };
		3F7C879420C80851000B9F4C /* NewsViewController.swift in Sources */ = {isa = PBXBuildFile; fileRef = 3F7C879320C80851000B9F4C /* NewsViewController.swift */; };
		3F7C87B420C8B0BC000B9F4C /* RetroViewController.swift in Sources */ = {isa = PBXBuildFile; fileRef = 3F7C87B320C8B0BC000B9F4C /* RetroViewController.swift */; };
		3F7C87B620C8C3E2000B9F4C /* retro1.jpeg in Resources */ = {isa = PBXBuildFile; fileRef = 3F7C87B520C8C3E1000B9F4C /* retro1.jpeg */; };
		3F7C87B820C8C471000B9F4C /* RetroDetailViewContoller.swift in Sources */ = {isa = PBXBuildFile; fileRef = 3F7C87B720C8C471000B9F4C /* RetroDetailViewContoller.swift */; };
		3F7C87BA20C8C9DE000B9F4C /* Icon-Toolkit.png in Resources */ = {isa = PBXBuildFile; fileRef = 3F7C87B920C8C9DE000B9F4C /* Icon-Toolkit.png */; };
		3F7C87BE20C8CAA5000B9F4C /* Icon-Toolkit2.png in Resources */ = {isa = PBXBuildFile; fileRef = 3F7C87BD20C8CAA5000B9F4C /* Icon-Toolkit2.png */; };
		3F885A4B212A942600BF05E3 /* Retro1.rtf in Resources */ = {isa = PBXBuildFile; fileRef = 3F885A4A212A942600BF05E3 /* Retro1.rtf */; };
		3F885A4E212AA06800BF05E3 /* Retro2.rtf in Resources */ = {isa = PBXBuildFile; fileRef = 3F885A4D212AA06800BF05E3 /* Retro2.rtf */; };
		3F885A50212AA1EE00BF05E3 /* README in Resources */ = {isa = PBXBuildFile; fileRef = 3F885A4F212AA1EE00BF05E3 /* README */; };
		3F885A52212AA38600BF05E3 /* retro2.png in Resources */ = {isa = PBXBuildFile; fileRef = 3F885A51212AA38500BF05E3 /* retro2.png */; };
		3FA8FF5720E0BCC700C0C4CA /* PlanningViewController.swift in Sources */ = {isa = PBXBuildFile; fileRef = 3FA8FF5620E0BCC700C0C4CA /* PlanningViewController.swift */; };
		3FA8FF5920E0C03600C0C4CA /* PlanningSizeViewController.swift in Sources */ = {isa = PBXBuildFile; fileRef = 3FA8FF5820E0C03600C0C4CA /* PlanningSizeViewController.swift */; };
		3FA8FF5B20E10D7300C0C4CA /* AboutViewController.swift in Sources */ = {isa = PBXBuildFile; fileRef = 3FA8FF5A20E10D7300C0C4CA /* AboutViewController.swift */; };
		3FA8FF5D20E10F5900C0C4CA /* ServicesViewController.swift in Sources */ = {isa = PBXBuildFile; fileRef = 3FA8FF5C20E10F5900C0C4CA /* ServicesViewController.swift */; };
		3FD74AF420EC51B700C0E23D /* RetroHowToViewContoller.swift in Sources */ = {isa = PBXBuildFile; fileRef = 3FD74AF320EC51B700C0E23D /* RetroHowToViewContoller.swift */; };
		3FD74B0B20EDD24700C0E23D /* 2017_09_12_AginicDS_3243_1.jpg in Resources */ = {isa = PBXBuildFile; fileRef = 3FD74B0A20EDD24700C0E23D /* 2017_09_12_AginicDS_3243_1.jpg */; };
		3FEE48BD22DC551600C3ACAA /* art.scnassets in Resources */ = {isa = PBXBuildFile; fileRef = 3FEE48BC22DC551500C3ACAA /* art.scnassets */; };
		3FEE48C122DC581F00C3ACAA /* aginic_logo.png in Resources */ = {isa = PBXBuildFile; fileRef = 3FEE48C022DC581E00C3ACAA /* aginic_logo.png */; };
		3FEE48C322DC805D00C3ACAA /* AginicXViewController.swift in Sources */ = {isa = PBXBuildFile; fileRef = 3FEE48C222DC805D00C3ACAA /* AginicXViewController.swift */; };
		3FEE48C522DC836D00C3ACAA /* MotionHelper.swift in Sources */ = {isa = PBXBuildFile; fileRef = 3F7994E822D989B10086FFBB /* MotionHelper.swift */; };
		3FF92F8922D8538D00C3A43D /* GameViewController.swift in Sources */ = {isa = PBXBuildFile; fileRef = 3FF92F8822D8538D00C3A43D /* GameViewController.swift */; };
		3FFB1FDB20EB1D5B0045BEB4 /* 2017_09_12_AginicDS_3409_1.jpg in Resources */ = {isa = PBXBuildFile; fileRef = 3FFB1FDA20EB1D5A0045BEB4 /* 2017_09_12_AginicDS_3409_1.jpg */; };
/* End PBXBuildFile section */

/* Begin PBXContainerItemProxy section */
		3F6C894420E4D57300B54E70 /* PBXContainerItemProxy */ = {
			isa = PBXContainerItemProxy;
			containerPortal = 3F7C876420C77631000B9F4C /* Project object */;
			proxyType = 1;
			remoteGlobalIDString = 3F7C876B20C77631000B9F4C;
			remoteInfo = "AginicDS Agile Toolkit";
		};
/* End PBXContainerItemProxy section */

/* Begin PBXFileReference section */
		3F0E2CA320E1C65400E7B5BD /* TimerViewController.swift */ = {isa = PBXFileReference; fileEncoding = 4; lastKnownFileType = sourcecode.swift; path = TimerViewController.swift; sourceTree = "<group>"; };
		3F0E2CA520E1DA6700E7B5BD /* AginicViewController.swift */ = {isa = PBXFileReference; fileEncoding = 4; lastKnownFileType = sourcecode.swift; path = AginicViewController.swift; sourceTree = "<group>"; };
		3F15979920E0B14500E99579 /* PeopleViewController.swift */ = {isa = PBXFileReference; fileEncoding = 4; lastKnownFileType = sourcecode.swift; path = PeopleViewController.swift; sourceTree = "<group>"; };
		3F15979B20E0B6E000E99579 /* ContactViewController.swift */ = {isa = PBXFileReference; fileEncoding = 4; lastKnownFileType = sourcecode.swift; path = ContactViewController.swift; sourceTree = "<group>"; };
		3F6C893F20E4D57300B54E70 /* AginicDS Agile ToolkitUITests1.xctest */ = {isa = PBXFileReference; explicitFileType = wrapper.cfbundle; includeInIndex = 0; path = "AginicDS Agile ToolkitUITests1.xctest"; sourceTree = BUILT_PRODUCTS_DIR; };
		3F6C894120E4D57300B54E70 /* AginicDS_Agile_ToolkitUITests1.swift */ = {isa = PBXFileReference; lastKnownFileType = sourcecode.swift; path = AginicDS_Agile_ToolkitUITests1.swift; sourceTree = "<group>"; };
		3F6C894320E4D57300B54E70 /* Info.plist */ = {isa = PBXFileReference; lastKnownFileType = text.plist.xml; path = Info.plist; sourceTree = "<group>"; };
		3F7994E122D9893F0086FFBB /* chainsaw.wav */ = {isa = PBXFileReference; lastKnownFileType = audio.wav; path = chainsaw.wav; sourceTree = "<group>"; };
		3F7994E222D9893F0086FFBB /* jump.wav */ = {isa = PBXFileReference; lastKnownFileType = audio.wav; path = jump.wav; sourceTree = "<group>"; };
		3F7994E322D9893F0086FFBB /* background.mp3 */ = {isa = PBXFileReference; lastKnownFileType = audio.mp3; path = background.mp3; sourceTree = "<group>"; };
		3F7994E822D989B10086FFBB /* MotionHelper.swift */ = {isa = PBXFileReference; fileEncoding = 4; lastKnownFileType = sourcecode.swift; path = MotionHelper.swift; sourceTree = "<group>"; };
		3F7994E922D989B10086FFBB /* VectorOperations.swift */ = {isa = PBXFileReference; fileEncoding = 4; lastKnownFileType = sourcecode.swift; path = VectorOperations.swift; sourceTree = "<group>"; };
		3F7994EC22D990FC0086FFBB /* SplashViewController.swift */ = {isa = PBXFileReference; lastKnownFileType = sourcecode.swift; path = SplashViewController.swift; sourceTree = "<group>"; };
		3F7C876C20C77631000B9F4C /* AginicDS Agile Toolkit.app */ = {isa = PBXFileReference; explicitFileType = wrapper.application; includeInIndex = 0; path = "AginicDS Agile Toolkit.app"; sourceTree = BUILT_PRODUCTS_DIR; };
		3F7C876F20C77631000B9F4C /* AppDelegate.swift */ = {isa = PBXFileReference; lastKnownFileType = sourcecode.swift; path = AppDelegate.swift; sourceTree = "<group>"; };
		3F7C877620C77631000B9F4C /* Base */ = {isa = PBXFileReference; lastKnownFileType = file.storyboard; name = Base; path = Base.lproj/Main.storyboard; sourceTree = "<group>"; };
		3F7C877820C77634000B9F4C /* Assets.xcassets */ = {isa = PBXFileReference; lastKnownFileType = folder.assetcatalog; path = Assets.xcassets; sourceTree = "<group>"; };
		3F7C877B20C77634000B9F4C /* Base */ = {isa = PBXFileReference; lastKnownFileType = file.storyboard; name = Base; path = Base.lproj/LaunchScreen.storyboard; sourceTree = "<group>"; };
		3F7C877D20C77634000B9F4C /* Info.plist */ = {isa = PBXFileReference; lastKnownFileType = text.plist.xml; path = Info.plist; sourceTree = "<group>"; };
		3F7C878720C782E5000B9F4C /* AppIcon-180.png */ = {isa = PBXFileReference; lastKnownFileType = image.png; path = "AppIcon-180.png"; sourceTree = "<group>"; };
		3F7C879320C80851000B9F4C /* NewsViewController.swift */ = {isa = PBXFileReference; lastKnownFileType = sourcecode.swift; path = NewsViewController.swift; sourceTree = "<group>"; };
		3F7C87B320C8B0BC000B9F4C /* RetroViewController.swift */ = {isa = PBXFileReference; lastKnownFileType = sourcecode.swift; path = RetroViewController.swift; sourceTree = "<group>"; };
		3F7C87B520C8C3E1000B9F4C /* retro1.jpeg */ = {isa = PBXFileReference; lastKnownFileType = image.jpeg; path = retro1.jpeg; sourceTree = "<group>"; };
		3F7C87B720C8C471000B9F4C /* RetroDetailViewContoller.swift */ = {isa = PBXFileReference; lastKnownFileType = sourcecode.swift; path = RetroDetailViewContoller.swift; sourceTree = "<group>"; };
		3F7C87B920C8C9DE000B9F4C /* Icon-Toolkit.png */ = {isa = PBXFileReference; lastKnownFileType = image.png; path = "Icon-Toolkit.png"; sourceTree = "<group>"; };
		3F7C87BD20C8CAA5000B9F4C /* Icon-Toolkit2.png */ = {isa = PBXFileReference; lastKnownFileType = image.png; path = "Icon-Toolkit2.png"; sourceTree = "<group>"; };
		3F885A4A212A942600BF05E3 /* Retro1.rtf */ = {isa = PBXFileReference; lastKnownFileType = text.rtf; path = Retro1.rtf; sourceTree = "<group>"; };
		3F885A4D212AA06800BF05E3 /* Retro2.rtf */ = {isa = PBXFileReference; fileEncoding = 4; lastKnownFileType = text.rtf; path = Retro2.rtf; sourceTree = "<group>"; };
		3F885A4F212AA1EE00BF05E3 /* README */ = {isa = PBXFileReference; lastKnownFileType = text; path = README; sourceTree = "<group>"; };
		3F885A51212AA38500BF05E3 /* retro2.png */ = {isa = PBXFileReference; lastKnownFileType = image.png; path = retro2.png; sourceTree = "<group>"; };
		3FA8FF5620E0BCC700C0C4CA /* PlanningViewController.swift */ = {isa = PBXFileReference; fileEncoding = 4; lastKnownFileType = sourcecode.swift; path = PlanningViewController.swift; sourceTree = "<group>"; };
		3FA8FF5820E0C03600C0C4CA /* PlanningSizeViewController.swift */ = {isa = PBXFileReference; fileEncoding = 4; lastKnownFileType = sourcecode.swift; path = PlanningSizeViewController.swift; sourceTree = "<group>"; };
		3FA8FF5A20E10D7300C0C4CA /* AboutViewController.swift */ = {isa = PBXFileReference; fileEncoding = 4; lastKnownFileType = sourcecode.swift; path = AboutViewController.swift; sourceTree = "<group>"; };
		3FA8FF5C20E10F5900C0C4CA /* ServicesViewController.swift */ = {isa = PBXFileReference; fileEncoding = 4; lastKnownFileType = sourcecode.swift; path = ServicesViewController.swift; sourceTree = "<group>"; };
		3FD74AF320EC51B700C0E23D /* RetroHowToViewContoller.swift */ = {isa = PBXFileReference; fileEncoding = 4; lastKnownFileType = sourcecode.swift; path = RetroHowToViewContoller.swift; sourceTree = "<group>"; };
		3FD74B0A20EDD24700C0E23D /* 2017_09_12_AginicDS_3243_1.jpg */ = {isa = PBXFileReference; lastKnownFileType = image.jpeg; path = 2017_09_12_AginicDS_3243_1.jpg; sourceTree = "<group>"; };
		3FEE48BC22DC551500C3ACAA /* art.scnassets */ = {isa = PBXFileReference; lastKnownFileType = wrapper.scnassets; path = art.scnassets; sourceTree = "<group>"; };
		3FEE48C022DC581E00C3ACAA /* aginic_logo.png */ = {isa = PBXFileReference; lastKnownFileType = image.png; path = aginic_logo.png; sourceTree = "<group>"; };
		3FEE48C222DC805D00C3ACAA /* AginicXViewController.swift */ = {isa = PBXFileReference; fileEncoding = 4; lastKnownFileType = sourcecode.swift; path = AginicXViewController.swift; sourceTree = "<group>"; };
		3FEE48C422DC819300C3ACAA /* TestPlan.xctestplan */ = {isa = PBXFileReference; lastKnownFileType = text; path = TestPlan.xctestplan; sourceTree = "<group>"; };
		3FEE48CE22DCA52600C3ACAA /* AginicDS_Agile_ToolkitTests.swift */ = {isa = PBXFileReference; lastKnownFileType = sourcecode.swift; path = AginicDS_Agile_ToolkitTests.swift; sourceTree = "<group>"; };
		3FEE48D022DCA52600C3ACAA /* Info.plist */ = {isa = PBXFileReference; lastKnownFileType = text.plist.xml; path = Info.plist; sourceTree = "<group>"; };
		3FF92F8822D8538D00C3A43D /* GameViewController.swift */ = {isa = PBXFileReference; fileEncoding = 4; lastKnownFileType = sourcecode.swift; path = GameViewController.swift; sourceTree = "<group>"; };
		3FFB1FDA20EB1D5A0045BEB4 /* 2017_09_12_AginicDS_3409_1.jpg */ = {isa = PBXFileReference; lastKnownFileType = image.jpeg; path = 2017_09_12_AginicDS_3409_1.jpg; sourceTree = "<group>"; };
/* End PBXFileReference section */

/* Begin PBXFrameworksBuildPhase section */
		3F6C893C20E4D57300B54E70 /* Frameworks */ = {
			isa = PBXFrameworksBuildPhase;
			buildActionMask = 2147483647;
			files = (
			);
			runOnlyForDeploymentPostprocessing = 0;
		};
		3F7C876920C77631000B9F4C /* Frameworks */ = {
			isa = PBXFrameworksBuildPhase;
			buildActionMask = 2147483647;
			files = (
			);
			runOnlyForDeploymentPostprocessing = 0;
		};
/* End PBXFrameworksBuildPhase section */

/* Begin PBXGroup section */
		3F6C894020E4D57300B54E70 /* AginicDS Agile ToolkitUITests1 */ = {
			isa = PBXGroup;
			children = (
				3F6C894120E4D57300B54E70 /* AginicDS_Agile_ToolkitUITests1.swift */,
				3F6C894320E4D57300B54E70 /* Info.plist */,
			);
			path = "AginicDS Agile ToolkitUITests1";
			sourceTree = "<group>";
		};
		3F7994E022D9893F0086FFBB /* Sounds */ = {
			isa = PBXGroup;
			children = (
				3F7994E122D9893F0086FFBB /* chainsaw.wav */,
				3F7994E222D9893F0086FFBB /* jump.wav */,
				3F7994E322D9893F0086FFBB /* background.mp3 */,
			);
			path = Sounds;
			sourceTree = "<group>";
		};
		3F7994E722D989B10086FFBB /* Helper */ = {
			isa = PBXGroup;
			children = (
				3F7994E822D989B10086FFBB /* MotionHelper.swift */,
				3F7994E922D989B10086FFBB /* VectorOperations.swift */,
			);
			path = Helper;
			sourceTree = "<group>";
		};
		3F7C876320C77631000B9F4C = {
			isa = PBXGroup;
			children = (
				3F7C876E20C77631000B9F4C /* AginicDS Agile Toolkit */,
				3F6C894020E4D57300B54E70 /* AginicDS Agile ToolkitUITests1 */,
				3FEE48CD22DCA52600C3ACAA /* AginicDS Agile ToolkitTests */,
				3F7C876D20C77631000B9F4C /* Products */,
				3FF92F8C22D8577A00C3A43D /* Frameworks */,
			);
			sourceTree = "<group>";
		};
		3F7C876D20C77631000B9F4C /* Products */ = {
			isa = PBXGroup;
			children = (
				3F7C876C20C77631000B9F4C /* AginicDS Agile Toolkit.app */,
				3F6C893F20E4D57300B54E70 /* AginicDS Agile ToolkitUITests1.xctest */,
			);
			name = Products;
			sourceTree = "<group>";
		};
		3F7C876E20C77631000B9F4C /* AginicDS Agile Toolkit */ = {
			isa = PBXGroup;
			children = (
				3FEE48BC22DC551500C3ACAA /* art.scnassets */,
				3F7994E722D989B10086FFBB /* Helper */,
				3F7994E022D9893F0086FFBB /* Sounds */,
				3F885A4C212A9F0900BF05E3 /* Retros */,
				3FCD78AF20D67F69006D01C5 /* Images */,
				3F7C876F20C77631000B9F4C /* AppDelegate.swift */,
				3FA8FF5A20E10D7300C0C4CA /* AboutViewController.swift */,
				3FA8FF5620E0BCC700C0C4CA /* PlanningViewController.swift */,
				3F7C879320C80851000B9F4C /* NewsViewController.swift */,
				3F0E2CA520E1DA6700E7B5BD /* AginicViewController.swift */,
				3FEE48C222DC805D00C3ACAA /* AginicXViewController.swift */,
				3FEE48C422DC819300C3ACAA /* TestPlan.xctestplan */,
				3F0E2CA320E1C65400E7B5BD /* TimerViewController.swift */,
				3F15979920E0B14500E99579 /* PeopleViewController.swift */,
				3FA8FF5C20E10F5900C0C4CA /* ServicesViewController.swift */,
				3F7C87B320C8B0BC000B9F4C /* RetroViewController.swift */,
				3FF92F8822D8538D00C3A43D /* GameViewController.swift */,
				3F7C87B720C8C471000B9F4C /* RetroDetailViewContoller.swift */,
				3FD74AF320EC51B700C0E23D /* RetroHowToViewContoller.swift */,
				3F7994EC22D990FC0086FFBB /* SplashViewController.swift */,
				3FA8FF5820E0C03600C0C4CA /* PlanningSizeViewController.swift */,
				3F15979B20E0B6E000E99579 /* ContactViewController.swift */,
				3F7C877520C77631000B9F4C /* Main.storyboard */,
				3F7C877820C77634000B9F4C /* Assets.xcassets */,
				3F7C877A20C77634000B9F4C /* LaunchScreen.storyboard */,
				3F7C877D20C77634000B9F4C /* Info.plist */,
			);
			path = "AginicDS Agile Toolkit";
			sourceTree = "<group>";
		};
		3F885A49212A90EC00BF05E3 /* retro */ = {
			isa = PBXGroup;
			children = (
			);
			path = retro;
			sourceTree = "<group>";
		};
		3F885A4C212A9F0900BF05E3 /* Retros */ = {
			isa = PBXGroup;
			children = (
				3F885A51212AA38500BF05E3 /* retro2.png */,
				3F7C87B520C8C3E1000B9F4C /* retro1.jpeg */,
				3F885A4A212A942600BF05E3 /* Retro1.rtf */,
				3F885A4D212AA06800BF05E3 /* Retro2.rtf */,
				3F885A4F212AA1EE00BF05E3 /* README */,
			);
			path = Retros;
			sourceTree = "<group>";
		};
		3FCD78AF20D67F69006D01C5 /* Images */ = {
			isa = PBXGroup;
			children = (
				3F885A49212A90EC00BF05E3 /* retro */,
				3FEE48C022DC581E00C3ACAA /* aginic_logo.png */,
				3F7C878720C782E5000B9F4C /* AppIcon-180.png */,
				3F7C87B920C8C9DE000B9F4C /* Icon-Toolkit.png */,
				3F7C87BD20C8CAA5000B9F4C /* Icon-Toolkit2.png */,
				3FD74B0A20EDD24700C0E23D /* 2017_09_12_AginicDS_3243_1.jpg */,
				3FFB1FDA20EB1D5A0045BEB4 /* 2017_09_12_AginicDS_3409_1.jpg */,
			);
			path = Images;
			sourceTree = "<group>";
		};
		3FEE48CD22DCA52600C3ACAA /* AginicDS Agile ToolkitTests */ = {
			isa = PBXGroup;
			children = (
				3FEE48CE22DCA52600C3ACAA /* AginicDS_Agile_ToolkitTests.swift */,
				3FEE48D022DCA52600C3ACAA /* Info.plist */,
			);
			path = "AginicDS Agile ToolkitTests";
			sourceTree = "<group>";
		};
		3FF92F8C22D8577A00C3A43D /* Frameworks */ = {
			isa = PBXGroup;
			children = (
			);
			name = Frameworks;
			sourceTree = "<group>";
		};
/* End PBXGroup section */

/* Begin PBXNativeTarget section */
		3F6C893E20E4D57300B54E70 /* AginicDS Agile ToolkitUITests1 */ = {
			isa = PBXNativeTarget;
			buildConfigurationList = 3F6C894620E4D57300B54E70 /* Build configuration list for PBXNativeTarget "AginicDS Agile ToolkitUITests1" */;
			buildPhases = (
				3F6C893B20E4D57300B54E70 /* Sources */,
				3F6C893C20E4D57300B54E70 /* Frameworks */,
				3F6C893D20E4D57300B54E70 /* Resources */,
			);
			buildRules = (
			);
			dependencies = (
				3F6C894520E4D57300B54E70 /* PBXTargetDependency */,
			);
			name = "AginicDS Agile ToolkitUITests1";
			productName = "AginicDS Agile ToolkitUITests1";
			productReference = 3F6C893F20E4D57300B54E70 /* AginicDS Agile ToolkitUITests1.xctest */;
			productType = "com.apple.product-type.bundle.ui-testing";
		};
		3F7C876B20C77631000B9F4C /* AginicDS Agile Toolkit */ = {
			isa = PBXNativeTarget;
			buildConfigurationList = 3F7C878020C77634000B9F4C /* Build configuration list for PBXNativeTarget "AginicDS Agile Toolkit" */;
			buildPhases = (
				3F7C876820C77631000B9F4C /* Sources */,
				3F7C876920C77631000B9F4C /* Frameworks */,
				3F7C876A20C77631000B9F4C /* Resources */,
			);
			buildRules = (
			);
			dependencies = (
			);
			name = "AginicDS Agile Toolkit";
			productName = "AginicDS Planning Poker";
			productReference = 3F7C876C20C77631000B9F4C /* AginicDS Agile Toolkit.app */;
			productType = "com.apple.product-type.application";
		};
/* End PBXNativeTarget section */

/* Begin PBXProject section */
		3F7C876420C77631000B9F4C /* Project object */ = {
			isa = PBXProject;
			attributes = {
				LastSwiftUpdateCheck = 1100;
				LastUpgradeCheck = 1100;
				ORGANIZATIONNAME = "Aginic Delivery Services";
				TargetAttributes = {
					3F6C893E20E4D57300B54E70 = {
						CreatedOnToolsVersion = 9.4;
						TestTargetID = 3F7C876B20C77631000B9F4C;
					};
					3F7C876B20C77631000B9F4C = {
						CreatedOnToolsVersion = 9.4;
						LastSwiftMigration = 1100;
					};
				};
			};
			buildConfigurationList = 3F7C876720C77631000B9F4C /* Build configuration list for PBXProject "AginicDS Agile Toolkit" */;
			compatibilityVersion = "Xcode 9.3";
			developmentRegion = en;
			hasScannedForEncodings = 0;
			knownRegions = (
				en,
				Base,
			);
			mainGroup = 3F7C876320C77631000B9F4C;
			productRefGroup = 3F7C876D20C77631000B9F4C /* Products */;
			projectDirPath = "";
			projectRoot = "";
			targets = (
				3F7C876B20C77631000B9F4C /* AginicDS Agile Toolkit */,
				3F6C893E20E4D57300B54E70 /* AginicDS Agile ToolkitUITests1 */,
			);
		};
/* End PBXProject section */

/* Begin PBXResourcesBuildPhase section */
		3F6C893D20E4D57300B54E70 /* Resources */ = {
			isa = PBXResourcesBuildPhase;
			buildActionMask = 2147483647;
			files = (
			);
			runOnlyForDeploymentPostprocessing = 0;
		};
		3F7C876A20C77631000B9F4C /* Resources */ = {
			isa = PBXResourcesBuildPhase;
			buildActionMask = 2147483647;
			files = (
				3F7994E522D9893F0086FFBB /* jump.wav in Resources */,
				3F7C87BE20C8CAA5000B9F4C /* Icon-Toolkit2.png in Resources */,
				3F7994E422D9893F0086FFBB /* chainsaw.wav in Resources */,
				3FD74B0B20EDD24700C0E23D /* 2017_09_12_AginicDS_3243_1.jpg in Resources */,
				3F885A4E212AA06800BF05E3 /* Retro2.rtf in Resources */,
				3F7C877C20C77634000B9F4C /* LaunchScreen.storyboard in Resources */,
				3F7C87B620C8C3E2000B9F4C /* retro1.jpeg in Resources */,
				3F885A50212AA1EE00BF05E3 /* README in Resources */,
				3F885A4B212A942600BF05E3 /* Retro1.rtf in Resources */,
				3F7C878820C782E5000B9F4C /* AppIcon-180.png in Resources */,
				3FFB1FDB20EB1D5B0045BEB4 /* 2017_09_12_AginicDS_3409_1.jpg in Resources */,
				3F7C877920C77634000B9F4C /* Assets.xcassets in Resources */,
				3FEE48C122DC581F00C3ACAA /* aginic_logo.png in Resources */,
				3F7C87BA20C8C9DE000B9F4C /* Icon-Toolkit.png in Resources */,
				3F7C877720C77631000B9F4C /* Main.storyboard in Resources */,
				3FEE48BD22DC551600C3ACAA /* art.scnassets in Resources */,
				3F7994E622D9893F0086FFBB /* background.mp3 in Resources */,
				3F885A52212AA38600BF05E3 /* retro2.png in Resources */,
			);
			runOnlyForDeploymentPostprocessing = 0;
		};
/* End PBXResourcesBuildPhase section */

/* Begin PBXSourcesBuildPhase section */
		3F6C893B20E4D57300B54E70 /* Sources */ = {
			isa = PBXSourcesBuildPhase;
			buildActionMask = 2147483647;
			files = (
				3F6C894220E4D57300B54E70 /* AginicDS_Agile_ToolkitUITests1.swift in Sources */,
			);
			runOnlyForDeploymentPostprocessing = 0;
		};
		3F7C876820C77631000B9F4C /* Sources */ = {
			isa = PBXSourcesBuildPhase;
			buildActionMask = 2147483647;
			files = (
				3F15979C20E0B6E000E99579 /* ContactViewController.swift in Sources */,
				3F15979A20E0B14500E99579 /* PeopleViewController.swift in Sources */,
				3F7C87B820C8C471000B9F4C /* RetroDetailViewContoller.swift in Sources */,
				3F0E2CA620E1DA6800E7B5BD /* AginicViewController.swift in Sources */,
				3F7C877020C77631000B9F4C /* AppDelegate.swift in Sources */,
				3FEE48C522DC836D00C3ACAA /* MotionHelper.swift in Sources */,
				3FA8FF5920E0C03600C0C4CA /* PlanningSizeViewController.swift in Sources */,
				3FA8FF5720E0BCC700C0C4CA /* PlanningViewController.swift in Sources */,
				3F7C87B420C8B0BC000B9F4C /* RetroViewController.swift in Sources */,
				3F7994ED22D990FC0086FFBB /* SplashViewController.swift in Sources */,
				3FA8FF5B20E10D7300C0C4CA /* AboutViewController.swift in Sources */,
				3FF92F8922D8538D00C3A43D /* GameViewController.swift in Sources */,
				3FEE48C322DC805D00C3ACAA /* AginicXViewController.swift in Sources */,
				3F7994EB22D989B10086FFBB /* VectorOperations.swift in Sources */,
				3FA8FF5D20E10F5900C0C4CA /* ServicesViewController.swift in Sources */,
				3F0E2CA420E1C65400E7B5BD /* TimerViewController.swift in Sources */,
				3FD74AF420EC51B700C0E23D /* RetroHowToViewContoller.swift in Sources */,
				3F7C879420C80851000B9F4C /* NewsViewController.swift in Sources */,
			);
			runOnlyForDeploymentPostprocessing = 0;
		};
/* End PBXSourcesBuildPhase section */

/* Begin PBXTargetDependency section */
		3F6C894520E4D57300B54E70 /* PBXTargetDependency */ = {
			isa = PBXTargetDependency;
			target = 3F7C876B20C77631000B9F4C /* AginicDS Agile Toolkit */;
			targetProxy = 3F6C894420E4D57300B54E70 /* PBXContainerItemProxy */;
		};
/* End PBXTargetDependency section */

/* Begin PBXVariantGroup section */
		3F7C877520C77631000B9F4C /* Main.storyboard */ = {
			isa = PBXVariantGroup;
			children = (
				3F7C877620C77631000B9F4C /* Base */,
			);
			name = Main.storyboard;
			sourceTree = "<group>";
		};
		3F7C877A20C77634000B9F4C /* LaunchScreen.storyboard */ = {
			isa = PBXVariantGroup;
			children = (
				3F7C877B20C77634000B9F4C /* Base */,
			);
			name = LaunchScreen.storyboard;
			sourceTree = "<group>";
		};
/* End PBXVariantGroup section */

/* Begin XCBuildConfiguration section */
		3F6C894720E4D57300B54E70 /* Debug */ = {
			isa = XCBuildConfiguration;
			buildSettings = {
				CODE_SIGN_IDENTITY = "Apple Development";
				"CODE_SIGN_IDENTITY[sdk=macosx*]" = "Apple Development";
				CODE_SIGN_STYLE = Automatic;
				DEVELOPMENT_TEAM = 5G586M8J33;
				INFOPLIST_FILE = "AginicDS Agile ToolkitUITests1/Info.plist";
				LD_RUNPATH_SEARCH_PATHS = (
					"$(inherited)",
					"@executable_path/Frameworks",
					"@loader_path/Frameworks",
				);
				PRODUCT_BUNDLE_IDENTIFIER = "proteusmx.AginicDS-Agile-ToolkitUITests1";
				PRODUCT_NAME = "$(TARGET_NAME)";
				PROVISIONING_PROFILE = "";
				PROVISIONING_PROFILE_SPECIFIER = "";
				"PROVISIONING_PROFILE_SPECIFIER[sdk=macosx*]" = "";
				SWIFT_VERSION = 4.0;
				TARGETED_DEVICE_FAMILY = "1,2";
				TEST_TARGET_NAME = "AginicDS Agile Toolkit";
			};
			name = Debug;
		};
		3F6C894820E4D57300B54E70 /* Release */ = {
			isa = XCBuildConfiguration;
			buildSettings = {
				CODE_SIGN_IDENTITY = "iPhone Developer";
				CODE_SIGN_STYLE = Manual;
				DEVELOPMENT_TEAM = "";
				INFOPLIST_FILE = "AginicDS Agile ToolkitUITests1/Info.plist";
				LD_RUNPATH_SEARCH_PATHS = (
					"$(inherited)",
					"@executable_path/Frameworks",
					"@loader_path/Frameworks",
				);
				PRODUCT_BUNDLE_IDENTIFIER = "proteusmx.AginicDS-Agile-ToolkitUITests1";
				PRODUCT_NAME = "$(TARGET_NAME)";
				PROVISIONING_PROFILE_SPECIFIER = "";
				SWIFT_VERSION = 4.0;
				TARGETED_DEVICE_FAMILY = "1,2";
				TEST_TARGET_NAME = "AginicDS Agile Toolkit";
			};
			name = Release;
		};
		3F7C877E20C77634000B9F4C /* Debug */ = {
			isa = XCBuildConfiguration;
			buildSettings = {
				ALWAYS_SEARCH_USER_PATHS = NO;
				CLANG_ANALYZER_NONNULL = YES;
				CLANG_ANALYZER_NUMBER_OBJECT_CONVERSION = YES_AGGRESSIVE;
				CLANG_CXX_LANGUAGE_STANDARD = "gnu++14";
				CLANG_CXX_LIBRARY = "libc++";
				CLANG_ENABLE_MODULES = YES;
				CLANG_ENABLE_OBJC_ARC = YES;
				CLANG_ENABLE_OBJC_WEAK = YES;
				CLANG_WARN_BLOCK_CAPTURE_AUTORELEASING = YES;
				CLANG_WARN_BOOL_CONVERSION = YES;
				CLANG_WARN_COMMA = YES;
				CLANG_WARN_CONSTANT_CONVERSION = YES;
				CLANG_WARN_DEPRECATED_OBJC_IMPLEMENTATIONS = YES;
				CLANG_WARN_DIRECT_OBJC_ISA_USAGE = YES_ERROR;
				CLANG_WARN_DOCUMENTATION_COMMENTS = YES;
				CLANG_WARN_EMPTY_BODY = YES;
				CLANG_WARN_ENUM_CONVERSION = YES;
				CLANG_WARN_INFINITE_RECURSION = YES;
				CLANG_WARN_INT_CONVERSION = YES;
				CLANG_WARN_NON_LITERAL_NULL_CONVERSION = YES;
				CLANG_WARN_OBJC_IMPLICIT_RETAIN_SELF = YES;
				CLANG_WARN_OBJC_LITERAL_CONVERSION = YES;
				CLANG_WARN_OBJC_ROOT_CLASS = YES_ERROR;
				CLANG_WARN_RANGE_LOOP_ANALYSIS = YES;
				CLANG_WARN_STRICT_PROTOTYPES = YES;
				CLANG_WARN_SUSPICIOUS_MOVE = YES;
				CLANG_WARN_UNGUARDED_AVAILABILITY = YES_AGGRESSIVE;
				CLANG_WARN_UNREACHABLE_CODE = YES;
				CLANG_WARN__DUPLICATE_METHOD_MATCH = YES;
				CODE_SIGN_IDENTITY = "iPhone Distribution: AGINIC DELIVERY SERVICES PTY LTD (5G586M8J33)";
				COPY_PHASE_STRIP = NO;
				DEBUG_INFORMATION_FORMAT = dwarf;
				ENABLE_STRICT_OBJC_MSGSEND = YES;
				ENABLE_TESTABILITY = YES;
				GCC_C_LANGUAGE_STANDARD = gnu11;
				GCC_DYNAMIC_NO_PIC = NO;
				GCC_NO_COMMON_BLOCKS = YES;
				GCC_OPTIMIZATION_LEVEL = 0;
				GCC_PREPROCESSOR_DEFINITIONS = (
					"DEBUG=1",
					"$(inherited)",
				);
				GCC_WARN_64_TO_32_BIT_CONVERSION = YES;
				GCC_WARN_ABOUT_RETURN_TYPE = YES_ERROR;
				GCC_WARN_UNDECLARED_SELECTOR = YES;
				GCC_WARN_UNINITIALIZED_AUTOS = YES_AGGRESSIVE;
				GCC_WARN_UNUSED_FUNCTION = YES;
				GCC_WARN_UNUSED_VARIABLE = YES;
				IPHONEOS_DEPLOYMENT_TARGET = 11.4;
				MTL_ENABLE_DEBUG_INFO = YES;
				ONLY_ACTIVE_ARCH = YES;
				SDKROOT = iphoneos;
				SWIFT_ACTIVE_COMPILATION_CONDITIONS = DEBUG;
				SWIFT_OPTIMIZATION_LEVEL = "-Onone";
			};
			name = Debug;
		};
		3F7C877F20C77634000B9F4C /* Release */ = {
			isa = XCBuildConfiguration;
			buildSettings = {
				ALWAYS_SEARCH_USER_PATHS = NO;
				CLANG_ANALYZER_NONNULL = YES;
				CLANG_ANALYZER_NUMBER_OBJECT_CONVERSION = YES_AGGRESSIVE;
				CLANG_CXX_LANGUAGE_STANDARD = "gnu++14";
				CLANG_CXX_LIBRARY = "libc++";
				CLANG_ENABLE_MODULES = YES;
				CLANG_ENABLE_OBJC_ARC = YES;
				CLANG_ENABLE_OBJC_WEAK = YES;
				CLANG_WARN_BLOCK_CAPTURE_AUTORELEASING = YES;
				CLANG_WARN_BOOL_CONVERSION = YES;
				CLANG_WARN_COMMA = YES;
				CLANG_WARN_CONSTANT_CONVERSION = YES;
				CLANG_WARN_DEPRECATED_OBJC_IMPLEMENTATIONS = YES;
				CLANG_WARN_DIRECT_OBJC_ISA_USAGE = YES_ERROR;
				CLANG_WARN_DOCUMENTATION_COMMENTS = YES;
				CLANG_WARN_EMPTY_BODY = YES;
				CLANG_WARN_ENUM_CONVERSION = YES;
				CLANG_WARN_INFINITE_RECURSION = YES;
				CLANG_WARN_INT_CONVERSION = YES;
				CLANG_WARN_NON_LITERAL_NULL_CONVERSION = YES;
				CLANG_WARN_OBJC_IMPLICIT_RETAIN_SELF = YES;
				CLANG_WARN_OBJC_LITERAL_CONVERSION = YES;
				CLANG_WARN_OBJC_ROOT_CLASS = YES_ERROR;
				CLANG_WARN_RANGE_LOOP_ANALYSIS = YES;
				CLANG_WARN_STRICT_PROTOTYPES = YES;
				CLANG_WARN_SUSPICIOUS_MOVE = YES;
				CLANG_WARN_UNGUARDED_AVAILABILITY = YES_AGGRESSIVE;
				CLANG_WARN_UNREACHABLE_CODE = YES;
				CLANG_WARN__DUPLICATE_METHOD_MATCH = YES;
				CODE_SIGN_IDENTITY = "iPhone Distribution: AGINIC DELIVERY SERVICES PTY LTD (5G586M8J33)";
				COPY_PHASE_STRIP = NO;
				DEBUG_INFORMATION_FORMAT = "dwarf-with-dsym";
				ENABLE_NS_ASSERTIONS = NO;
				ENABLE_STRICT_OBJC_MSGSEND = YES;
				GCC_C_LANGUAGE_STANDARD = gnu11;
				GCC_NO_COMMON_BLOCKS = YES;
				GCC_WARN_64_TO_32_BIT_CONVERSION = YES;
				GCC_WARN_ABOUT_RETURN_TYPE = YES_ERROR;
				GCC_WARN_UNDECLARED_SELECTOR = YES;
				GCC_WARN_UNINITIALIZED_AUTOS = YES_AGGRESSIVE;
				GCC_WARN_UNUSED_FUNCTION = YES;
				GCC_WARN_UNUSED_VARIABLE = YES;
				IPHONEOS_DEPLOYMENT_TARGET = 11.4;
				MTL_ENABLE_DEBUG_INFO = NO;
				SDKROOT = iphoneos;
				SWIFT_COMPILATION_MODE = wholemodule;
				SWIFT_OPTIMIZATION_LEVEL = "-O";
				VALIDATE_PRODUCT = YES;
			};
			name = Release;
		};
		3F7C878120C77634000B9F4C /* Debug */ = {
			isa = XCBuildConfiguration;
			buildSettings = {
				ASSETCATALOG_COMPILER_APPICON_NAME = AppIcon;
				CODE_SIGN_IDENTITY = "Apple Development";
				CODE_SIGN_STYLE = Automatic;
				DEVELOPMENT_TEAM = 5G586M8J33;
				INFOPLIST_FILE = "$(SRCROOT)/AginicDS Agile Toolkit/Info.plist";
				LD_RUNPATH_SEARCH_PATHS = (
					"$(inherited)",
					"@executable_path/Frameworks",
				);
				MARKETING_VERSION = 0.4;
				PRODUCT_BUNDLE_IDENTIFIER = aginicds.AgileToolkit;
				PRODUCT_NAME = "$(TARGET_NAME)";
				PROVISIONING_PROFILE_SPECIFIER = "";
				SWIFT_VERSION = 5.0;
				TARGETED_DEVICE_FAMILY = 1;
			};
			name = Debug;
		};
		3F7C878220C77634000B9F4C /* Release */ = {
			isa = XCBuildConfiguration;
			buildSettings = {
				ASSETCATALOG_COMPILER_APPICON_NAME = AppIcon;
				CODE_SIGN_IDENTITY = "Apple Development";
				CODE_SIGN_STYLE = Automatic;
				DEVELOPMENT_TEAM = 5G586M8J33;
				INFOPLIST_FILE = "$(SRCROOT)/AginicDS Agile Toolkit/Info.plist";
				LD_RUNPATH_SEARCH_PATHS = (
					"$(inherited)",
					"@executable_path/Frameworks",
				);
				MARKETING_VERSION = 0.4;
				PRODUCT_BUNDLE_IDENTIFIER = aginicds.AgileToolkit;
				PRODUCT_NAME = "$(TARGET_NAME)";
				PROVISIONING_PROFILE_SPECIFIER = "";
				SWIFT_VERSION = 5.0;
				TARGETED_DEVICE_FAMILY = 1;
			};
			name = Release;
		};
/* End XCBuildConfiguration section */

/* Begin XCConfigurationList section */
		3F6C894620E4D57300B54E70 /* Build configuration list for PBXNativeTarget "AginicDS Agile ToolkitUITests1" */ = {
			isa = XCConfigurationList;
			buildConfigurations = (
				3F6C894720E4D57300B54E70 /* Debug */,
				3F6C894820E4D57300B54E70 /* Release */,
			);
			defaultConfigurationIsVisible = 0;
			defaultConfigurationName = Release;
		};
		3F7C876720C77631000B9F4C /* Build configuration list for PBXProject "AginicDS Agile Toolkit" */ = {
			isa = XCConfigurationList;
			buildConfigurations = (
				3F7C877E20C77634000B9F4C /* Debug */,
				3F7C877F20C77634000B9F4C /* Release */,
			);
			defaultConfigurationIsVisible = 0;
			defaultConfigurationName = Release;
		};
		3F7C878020C77634000B9F4C /* Build configuration list for PBXNativeTarget "AginicDS Agile Toolkit" */ = {
			isa = XCConfigurationList;
			buildConfigurations = (
				3F7C878120C77634000B9F4C /* Debug */,
				3F7C878220C77634000B9F4C /* Release */,
			);
			defaultConfigurationIsVisible = 0;
			defaultConfigurationName = Release;
		};
/* End XCConfigurationList section */
	};
	rootObject = 3F7C876420C77631000B9F4C /* Project object */;
}
